
Microsoft Visual Studio Solution File, Format Version 12.00
# Visual Studio Version 17
VisualStudioVersion = 17.6.33829.357
MinimumVisualStudioVersion = 10.0.40219.1
Project("{FAE04EC0-301F-11D3-BF4B-00C04F79EFBC}") = "SchoolSystem.Api", "..\webapi-sistema-escolar\SistemaEscolar\SchoolSystem.Api\SchoolSystem.Api.csproj", "{0F120BF2-47A1-44BD-92DC-D319E8A38163}"
EndProject
Global
	GlobalSection(SolutionConfigurationPlatforms) = preSolution
		Debug|Any CPU = Debug|Any CPU
		Release|Any CPU = Release|Any CPU
	EndGlobalSection
	GlobalSection(ProjectConfigurationPlatforms) = postSolution
		{0F120BF2-47A1-44BD-92DC-D319E8A38163}.Debug|Any CPU.ActiveCfg = Debug|Any CPU
		{0F120BF2-47A1-44BD-92DC-D319E8A38163}.Debug|Any CPU.Build.0 = Debug|Any CPU
		{0F120BF2-47A1-44BD-92DC-D319E8A38163}.Release|Any CPU.ActiveCfg = Release|Any CPU
		{0F120BF2-47A1-44BD-92DC-D319E8A38163}.Release|Any CPU.Build.0 = Release|Any CPU
	EndGlobalSection
	GlobalSection(SolutionProperties) = preSolution
		HideSolutionNode = FALSE
	EndGlobalSection
	GlobalSection(ExtensibilityGlobals) = postSolution
		SolutionGuid = {B2BAAA40-04BB-4CBD-9CC8-8A558ED27EE5}
	EndGlobalSection
EndGlobal
